
Microsoft Visual Studio Solution File, Format Version 12.00
# Visual Studio Version 16
VisualStudioVersion = 16.0.31702.278
MinimumVisualStudioVersion = 10.0.40219.1
Project("{9A19103F-16F7-4668-BE54-9A1E7A4F7556}") = "PatientManagementApp", "PatientManagementApp\PatientManagementApp.csproj", "{38049365-791B-44C2-A1B7-2E5B1DC6D0F5}"
EndProject
Project("{9A19103F-16F7-4668-BE54-9A1E7A4F7556}") = "UnitTest", "UnitTest\UnitTest.csproj", "{EA7BD07A-D7CD-4ABE-A27F-4651754CABD8}"
EndProject
Global
	GlobalSection(SolutionConfigurationPlatforms) = preSolution
		Debug|Any CPU = Debug|Any CPU
		Release|Any CPU = Release|Any CPU
	EndGlobalSection
	GlobalSection(ProjectConfigurationPlatforms) = postSolution
		{38049365-791B-44C2-A1B7-2E5B1DC6D0F5}.Debug|Any CPU.ActiveCfg = Debug|Any CPU
		{38049365-791B-44C2-A1B7-2E5B1DC6D0F5}.Debug|Any CPU.Build.0 = Debug|Any CPU
		{38049365-791B-44C2-A1B7-2E5B1DC6D0F5}.Release|Any CPU.ActiveCfg = Release|Any CPU
		{38049365-791B-44C2-A1B7-2E5B1DC6D0F5}.Release|Any CPU.Build.0 = Release|Any CPU
		{EA7BD07A-D7CD-4ABE-A27F-4651754CABD8}.Debug|Any CPU.ActiveCfg = Debug|Any CPU
		{EA7BD07A-D7CD-4ABE-A27F-4651754CABD8}.Debug|Any CPU.Build.0 = Debug|Any CPU
		{EA7BD07A-D7CD-4ABE-A27F-4651754CABD8}.Release|Any CPU.ActiveCfg = Release|Any CPU
		{EA7BD07A-D7CD-4ABE-A27F-4651754CABD8}.Release|Any CPU.Build.0 = Release|Any CPU
	EndGlobalSection
	GlobalSection(SolutionProperties) = preSolution
		HideSolutionNode = FALSE
	EndGlobalSection
	GlobalSection(ExtensibilityGlobals) = postSolution
		SolutionGuid = {41A08B0C-D6CA-4237-BDDD-F118F9D1E650}
	EndGlobalSection
EndGlobal
